PODS:
  - Flutter (1.0.0)
  - r_crypto (0.0.2):
    - Flutter

DEPENDENCIES:
  - Flutter (from `Flutter`)
  - r_crypto (from `.symlinks/plugins/r_crypto/ios`)

EXTERNAL SOURCES:
  Flutter:
    :path: Flutter
  r_crypto:
    :path: ".symlinks/plugins/r_crypto/ios"

SPEC CHECKSUMS:
  Flutter: 0e3d915762c693b495b44d77113d4970485de6ec
  r_crypto: bc79546d84d69bf33285e44e9178c11360d49d3a

PODFILE CHECKSUM: aafe91acc616949ddb318b77800a7f51bffa2a4c

COCOAPODS: 1.9.3
