PODS:
  - Flutter (1.0.0)
  - r_crypto (0.1.2):
    - Flutter

DEPENDENCIES:
  - Flutter (from `Flutter`)
  - r_crypto (from `.symlinks/plugins/r_crypto/ios`)

EXTERNAL SOURCES:
  Flutter:
    :path: Flutter
  r_crypto:
    :path: ".symlinks/plugins/r_crypto/ios"

SPEC CHECKSUMS:
  Flutter: 434fef37c0980e73bb6479ef766c45957d4b510c
  r_crypto: 3a4671c8135f39d14b88a54c7d56a70bb4cf4272

PODFILE CHECKSUM: aafe91acc616949ddb318b77800a7f51bffa2a4c

COCOAPODS: 1.10.0
